{
  "name": "Ecommerce store",
  "lockfileVersion": 3,
  "requires": true,
  "packages": {
    "": {
      "dependencies": {
        "swiper.js": "^1.0.0"
      }
    },
    "node_modules/jquery": {
      "version": "2.2.4",
      "resolved": "https://registry.npmjs.org/jquery/-/jquery-2.2.4.tgz",
      "integrity": "sha512-lBHj60ezci2u1v2FqnZIraShGgEXq35qCzMv4lITyHGppTnA13rwR0MgwyNJh9TnDs3aXUvd1xjAotfraMHX/Q==",
      "license": "MIT"
    },
    "node_modules/swiper.js": {
      "version": "1.0.0",
      "resolved": "https://registry.npmjs.org/swiper.js/-/swiper.js-1.0.0.tgz",
      "integrity": "sha512-Ze1W3YndqZIXiZ84yud7u3h2bzXx2fDNJHjNAq0guqijx2UlqMVdLBPlz+lFK7fad7bd16Osllj+ssiplr82RQ==",
      "license": "MIT",
      "dependencies": {
        "jquery": "^2.2.1"
      }
    }
  }
}
